
Microsoft Visual Studio Solution File, Format Version 12.00
# Visual Studio Version 17
VisualStudioVersion = 17.5.33516.290
MinimumVisualStudioVersion = 10.0.40219.1
Project("{FAE04EC0-301F-11D3-BF4B-00C04F79EFBC}") = "praktika apteka", "praktika apteka\praktika apteka.csproj", "{9533E433-7410-43B1-A1DD-356C5252995B}"
EndProject
Global
	GlobalSection(SolutionConfigurationPlatforms) = preSolution
		Debug|Any CPU = Debug|Any CPU
		Release|Any CPU = Release|Any CPU
	EndGlobalSection
	GlobalSection(ProjectConfigurationPlatforms) = postSolution
		{9533E433-7410-43B1-A1DD-356C5252995B}.Debug|Any CPU.ActiveCfg = Debug|Any CPU
		{9533E433-7410-43B1-A1DD-356C5252995B}.Debug|Any CPU.Build.0 = Debug|Any CPU
		{9533E433-7410-43B1-A1DD-356C5252995B}.Release|Any CPU.ActiveCfg = Release|Any CPU
		{9533E433-7410-43B1-A1DD-356C5252995B}.Release|Any CPU.Build.0 = Release|Any CPU
	EndGlobalSection
	GlobalSection(SolutionProperties) = preSolution
		HideSolutionNode = FALSE
	EndGlobalSection
	GlobalSection(ExtensibilityGlobals) = postSolution
		SolutionGuid = {84C0E5DB-3E4F-4B28-B7C5-432B462E8541}
	EndGlobalSection
EndGlobal
